
Microsoft Visual Studio Solution File, Format Version 12.00
# Visual Studio 2012
Project("{FAE04EC0-301F-11D3-BF4B-00C04F79EFBC}") = "CroweHelloWorld", "CroweHelloWorld\CroweHelloWorld.csproj", "{508078D0-505E-4246-8A54-5F3B5632DD05}"
EndProject
Project("{FAE04EC0-301F-11D3-BF4B-00C04F79EFBC}") = "CroweHelloWorld.Tests", "CroweHelloWorld.Tests\CroweHelloWorld.Tests.csproj", "{76C02534-4642-4C14-9CBA-D7CB9AA3C8E4}"
EndProject
Global
	GlobalSection(SolutionConfigurationPlatforms) = preSolution
		Debug|Any CPU = Debug|Any CPU
		Release|Any CPU = Release|Any CPU
	EndGlobalSection
	GlobalSection(ProjectConfigurationPlatforms) = postSolution
		{508078D0-505E-4246-8A54-5F3B5632DD05}.Debug|Any CPU.ActiveCfg = Debug|Any CPU
		{508078D0-505E-4246-8A54-5F3B5632DD05}.Debug|Any CPU.Build.0 = Debug|Any CPU
		{508078D0-505E-4246-8A54-5F3B5632DD05}.Release|Any CPU.ActiveCfg = Release|Any CPU
		{508078D0-505E-4246-8A54-5F3B5632DD05}.Release|Any CPU.Build.0 = Release|Any CPU
		{76C02534-4642-4C14-9CBA-D7CB9AA3C8E4}.Debug|Any CPU.ActiveCfg = Debug|Any CPU
		{76C02534-4642-4C14-9CBA-D7CB9AA3C8E4}.Debug|Any CPU.Build.0 = Debug|Any CPU
		{76C02534-4642-4C14-9CBA-D7CB9AA3C8E4}.Release|Any CPU.ActiveCfg = Release|Any CPU
		{76C02534-4642-4C14-9CBA-D7CB9AA3C8E4}.Release|Any CPU.Build.0 = Release|Any CPU
	EndGlobalSection
EndGlobal
